<?xml version="1.0" encoding="utf-8"?>
<Project ToolsVersion="4.0" xmlns="http://schemas.microsoft.com/developer/msbuild/2003">
  <ItemGroup>
    <ClCompile Include="Asserts.cpp" />
    <ClCompile Include="Windows\Asserts.win.cpp">
      <Filter>Windows</Filter>
    </ClCompile>
  </ItemGroup>
  <ItemGroup>
    <ClInclude Include="Asserts.h" />
    <ClInclude Include="Configuration.h" />
    <ClInclude Include="Windows\ExternalLibraries.win.h">
      <Filter>Windows</Filter>
    </ClInclude>
  </ItemGroup>
  <ItemGroup>
    <Filter Include="Windows">
      <UniqueIdentifier>{ac8b64ca-0fd5-4552-a193-21987884fd8c}</UniqueIdentifier>
    </Filter>
  </ItemGroup>
</Project>