
Microsoft Visual Studio Solution File, Format Version 12.00
# Visual Studio Version 17
VisualStudioVersion = 17.7.34031.279
MinimumVisualStudioVersion = 10.0.40219.1
Project("{2150E333-8FDC-42A3-9474-1A3956D46DE8}") = "MyGame", "MyGame", "{DD381982-CB55-457A-AAB5-BB31B72CDC06}"
EndProject
Project("{8BC9CEB8-8B4A-11D0-8D11-00A0C91BC942}") = "MyGame", "MyGame_\MyGame\MyGame.vcxproj", "{F0FCBFCD-6AE4-4981-B96C-32435D727EC6}"
EndProject
Project("{2150E333-8FDC-42A3-9474-1A3956D46DE8}") = "FPSGame", "FPSGame", "{AC0EBDC3-8723-4A43-9112-DB863C2C3694}"
EndProject
Project("{8BC9CEB8-8B4A-11D0-8D11-00A0C91BC942}") = "Application", "Engine\Application\Application.vcxproj", "{E9A1C1DB-D622-4FB4-8CF0-C76DF6A8CB1B}"
EndProject
Project("{8BC9CEB8-8B4A-11D0-8D11-00A0C91BC942}") = "Asserts", "Engine\Asserts\Asserts.vcxproj", "{464A6551-FCA9-4027-BD9E-2B26914782AB}"
EndProject
Project("{8BC9CEB8-8B4A-11D0-8D11-00A0C91BC942}") = "AssetBuildExe", "Tools\AssetBuildExe\AssetBuildExe.vcxproj", "{5FE0EAD5-3429-4525-A533-8CF75C85D4F1}"
EndProject
Project("{8BC9CEB8-8B4A-11D0-8D11-00A0C91BC942}") = "AssetBuildLibrary", "Tools\AssetBuildLibrary\AssetBuildLibrary.vcxproj", "{4438BC28-0C79-4907-BD5C-ABAD0DD78AEC}"
	ProjectSection(ProjectDependencies) = postProject
		{0B19945A-9CA2-4ED3-84D8-0924B5428925} = {0B19945A-9CA2-4ED3-84D8-0924B5428925}
	EndProjectSection
EndProject
Project("{8BC9CEB8-8B4A-11D0-8D11-00A0C91BC942}") = "Assets", "Engine\Assets\Assets.vcxproj", "{E803347F-34D1-43AC-B234-5F8940FAB26A}"
EndProject
Project("{8BC9CEB8-8B4A-11D0-8D11-00A0C91BC942}") = "Concurrency", "Engine\Concurrency\Concurrency.vcxproj", "{60FF1B7F-04EC-40AE-BDED-5FE1742DA10E}"
EndProject
Project("{2150E333-8FDC-42A3-9474-1A3956D46DE8}") = "Engine", "Engine", "{E5C51EF7-81D3-4030-A4CE-0D2D666CEF4F}"
EndProject
Project("{2150E333-8FDC-42A3-9474-1A3956D46DE8}") = "External", "External", "{EE37D457-6F3F-4596-B682-FC8CB683E326}"
EndProject
Project("{8BC9CEB8-8B4A-11D0-8D11-00A0C91BC942}") = "Logging", "Engine\Logging\Logging.vcxproj", "{A5C152AD-26A3-4835-BB10-EF292DAF94AC}"
EndProject
Project("{2150E333-8FDC-42A3-9474-1A3956D46DE8}") = "Lua", "Lua", "{3E8C98E7-04FE-4E50-841F-C30E30E2F42D}"
EndProject
Project("{8BC9CEB8-8B4A-11D0-8D11-00A0C91BC942}") = "LuaCompiler", "External\Lua\LuaCompiler.vcxproj", "{0B19945A-9CA2-4ED3-84D8-0924B5428925}"
EndProject
Project("{8BC9CEB8-8B4A-11D0-8D11-00A0C91BC942}") = "LuaExe", "External\Lua\LuaExe.vcxproj", "{B38967B9-886D-4E1F-B733-828D1783E2DC}"
EndProject
Project("{8BC9CEB8-8B4A-11D0-8D11-00A0C91BC942}") = "LuaLib", "External\Lua\LuaLib.vcxproj", "{A506E35D-BB34-468D-82CD-112386BE29D1}"
EndProject
Project("{8BC9CEB8-8B4A-11D0-8D11-00A0C91BC942}") = "Math", "Engine\Math\Math.vcxproj", "{999C3D5F-7F79-4BD7-AE21-92EEED0C5962}"
EndProject
Project("{8BC9CEB8-8B4A-11D0-8D11-00A0C91BC942}") = "Mcpp", "External\Mcpp\Mcpp.vcxproj", "{DD1B3BF3-3C86-49F6-ABF4-E021EBCDAF80}"
EndProject
Project("{8BC9CEB8-8B4A-11D0-8D11-00A0C91BC942}") = "OpenGlExtensions", "External\OpenGlExtensions\OpenGlExtensions.vcxproj", "{433F6D20-943A-4D7B-BFFE-BC9DFC932E6E}"
EndProject
Project("{8BC9CEB8-8B4A-11D0-8D11-00A0C91BC942}") = "Physics", "Engine\Physics\Physics.vcxproj", "{30E6BB9F-138D-4B44-9733-869263F7BAD5}"
EndProject
Project("{8BC9CEB8-8B4A-11D0-8D11-00A0C91BC942}") = "Platform", "Engine\Platform\Platform.vcxproj", "{7462D3A7-9936-442E-877C-89EFDA754596}"
EndProject
Project("{8BC9CEB8-8B4A-11D0-8D11-00A0C91BC942}") = "Results", "Engine\Results\Results.vcxproj", "{5003F315-B5D5-48AB-BA3F-1CB0DEC8C213}"
EndProject
Project("{8BC9CEB8-8B4A-11D0-8D11-00A0C91BC942}") = "ShaderBuilder", "Tools\ShaderBuilder\ShaderBuilder.vcxproj", "{08EFE31C-CA8A-4271-B255-6F92BD2ADA4B}"
EndProject
Project("{8BC9CEB8-8B4A-11D0-8D11-00A0C91BC942}") = "Time", "Engine\Time\Time.vcxproj", "{674D3E72-CBD0-4EBD-BD0C-CF9326489421}"
EndProject
Project("{2150E333-8FDC-42A3-9474-1A3956D46DE8}") = "Tools", "Tools", "{31B05C03-4BB2-4A0D-B621-B41DA6B0F57E}"
EndProject
Project("{8BC9CEB8-8B4A-11D0-8D11-00A0C91BC942}") = "UserInput", "Engine\UserInput\UserInput.vcxproj", "{193BB096-CD2C-48E8-8A28-99ECC2D019AD}"
EndProject
Project("{8BC9CEB8-8B4A-11D0-8D11-00A0C91BC942}") = "UserOutput", "Engine\UserOutput\UserOutput.vcxproj", "{2BC54F48-D7BF-416B-9C09-E0F292CA4EB1}"
EndProject
Project("{8BC9CEB8-8B4A-11D0-8D11-00A0C91BC942}") = "UserSettings", "Engine\UserSettings\UserSettings.vcxproj", "{54116086-BD9D-4DAC-B791-EC675B9CADAB}"
EndProject
Project("{8BC9CEB8-8B4A-11D0-8D11-00A0C91BC942}") = "Windows", "Engine\Windows\Windows.vcxproj", "{6FF846D1-2377-4601-B2F6-83E31748CB16}"
EndProject
Project("{8BC9CEB8-8B4A-11D0-8D11-00A0C91BC942}") = "ScopeGuard", "Engine\ScopeGuard\ScopeGuard.vcxproj", "{B7ED3F7D-BFA1-42C9-9089-C6401FFDE3D4}"
EndProject
Project("{8BC9CEB8-8B4A-11D0-8D11-00A0C91BC942}") = "Graphics", "Engine\Graphics\Graphics.vcxproj", "{CC6F0957-6ABE-4221-B193-6069F2C1585C}"
EndProject
Project("{8BC9CEB8-8B4A-11D0-8D11-00A0C91BC942}") = "BuildMyGameAssets", "MyGame_\BuildMyGameAssets\BuildMyGameAssets.vcxproj", "{7141A540-6E2B-4830-9532-13FB6E100D4C}"
EndProject
Project("{8BC9CEB8-8B4A-11D0-8D11-00A0C91BC942}") = "GameObject", "Engine\GameObject\GameObject.vcxproj", "{16E33DAA-7734-4082-B347-6FF140D7891A}"
EndProject
Project("{8BC9CEB8-8B4A-11D0-8D11-00A0C91BC942}") = "MeshBuilder", "Tools\MeshBuilder\MeshBuilder.vcxproj", "{4C622CAE-D1C2-4909-94A9-6BDB6E4CE0D6}"
EndProject
Project("{8BC9CEB8-8B4A-11D0-8D11-00A0C91BC942}") = "MayaMeshExporter", "Tools\MayaMeshExporter\MayaMeshExporter.vcxproj", "{7E1B3DFF-88C1-43F2-AE97-BE197D80EF2B}"
EndProject
Project("{2150E333-8FDC-42A3-9474-1A3956D46DE8}") = "ScrollShooterGame", "ScrollShooterGame", "{64677875-B8BF-4DD4-B884-6A6CFF7527B9}"
EndProject
Project("{8BC9CEB8-8B4A-11D0-8D11-00A0C91BC942}") = "ScrollShooterGame", "ScrollShooterGame_\ScrollShooterGame\ScrollShooterGame.vcxproj", "{9545B8A6-A104-4CA2-BC56-A8F7B6B17E32}"
EndProject
Project("{8BC9CEB8-8B4A-11D0-8D11-00A0C91BC942}") = "BuildScrollShooterGameAssets", "ScrollShooterGame_\BuildScrollShooterGameAssets\BuildScrollShooterGameAssets.vcxproj", "{27C8641A-629C-4F2A-8B12-37ECCA4B5143}"
EndProject
Project("{8BC9CEB8-8B4A-11D0-8D11-00A0C91BC942}") = "FPSGame", "FPSGame_\FPSGame\FPSGame.vcxproj", "{C4A8A8ED-1817-46FC-97E1-E77CA8057D9E}"
EndProject
Project("{8BC9CEB8-8B4A-11D0-8D11-00A0C91BC942}") = "BuildFPSGameAssets", "FPSGame_\BuildFPSGameAssets\BuildFPSGameAssets.vcxproj", "{DFB3A233-13A2-4EF1-9872-9CBB331E560A}"
EndProject
Project("{8BC9CEB8-8B4A-11D0-8D11-00A0C91BC942}") = "Utilities", "Engine\Utilities\Utilities.vcxproj", "{C9C5507C-4B42-4ECC-8BF2-0A254637B814}"
EndProject
Project("{8BC9CEB8-8B4A-11D0-8D11-00A0C91BC942}") = "AudioBuilder", "Tools\AudioBuilder\AudioBuilder.vcxproj", "{0EEE50DD-9109-4253-A3A8-08DA0D23E05A}"
EndProject
Project("{8BC9CEB8-8B4A-11D0-8D11-00A0C91BC942}") = "Audio", "Engine\Audio\Audio.vcxproj", "{4BDE8532-8703-450A-8D41-DE4CEE9F6684}"
EndProject
Global
	GlobalSection(SolutionConfigurationPlatforms) = preSolution
		Debug|x64 = Debug|x64
		Debug|x86 = Debug|x86
		Release|x64 = Release|x64
		Release|x86 = Release|x86
	EndGlobalSection
	GlobalSection(ProjectConfigurationPlatforms) = postSolution
		{F0FCBFCD-6AE4-4981-B96C-32435D727EC6}.Debug|x64.ActiveCfg = Debug|x64
		{F0FCBFCD-6AE4-4981-B96C-32435D727EC6}.Debug|x64.Build.0 = Debug|x64
		{F0FCBFCD-6AE4-4981-B96C-32435D727EC6}.Debug|x86.ActiveCfg = Debug|Win32
		{F0FCBFCD-6AE4-4981-B96C-32435D727EC6}.Debug|x86.Build.0 = Debug|Win32
		{F0FCBFCD-6AE4-4981-B96C-32435D727EC6}.Release|x64.ActiveCfg = Release|x64
		{F0FCBFCD-6AE4-4981-B96C-32435D727EC6}.Release|x64.Build.0 = Release|x64
		{F0FCBFCD-6AE4-4981-B96C-32435D727EC6}.Release|x86.ActiveCfg = Release|Win32
		{F0FCBFCD-6AE4-4981-B96C-32435D727EC6}.Release|x86.Build.0 = Release|Win32
		{E9A1C1DB-D622-4FB4-8CF0-C76DF6A8CB1B}.Debug|x64.ActiveCfg = Debug|x64
		{E9A1C1DB-D622-4FB4-8CF0-C76DF6A8CB1B}.Debug|x64.Build.0 = Debug|x64
		{E9A1C1DB-D622-4FB4-8CF0-C76DF6A8CB1B}.Debug|x86.ActiveCfg = Debug|Win32
		{E9A1C1DB-D622-4FB4-8CF0-C76DF6A8CB1B}.Debug|x86.Build.0 = Debug|Win32
		{E9A1C1DB-D622-4FB4-8CF0-C76DF6A8CB1B}.Release|x64.ActiveCfg = Release|x64
		{E9A1C1DB-D622-4FB4-8CF0-C76DF6A8CB1B}.Release|x64.Build.0 = Release|x64
		{E9A1C1DB-D622-4FB4-8CF0-C76DF6A8CB1B}.Release|x86.ActiveCfg = Release|Win32
		{E9A1C1DB-D622-4FB4-8CF0-C76DF6A8CB1B}.Release|x86.Build.0 = Release|Win32
		{464A6551-FCA9-4027-BD9E-2B26914782AB}.Debug|x64.ActiveCfg = Debug|x64
		{464A6551-FCA9-4027-BD9E-2B26914782AB}.Debug|x64.Build.0 = Debug|x64
		{464A6551-FCA9-4027-BD9E-2B26914782AB}.Debug|x86.ActiveCfg = Debug|Win32
		{464A6551-FCA9-4027-BD9E-2B26914782AB}.Debug|x86.Build.0 = Debug|Win32
		{464A6551-FCA9-4027-BD9E-2B26914782AB}.Release|x64.ActiveCfg = Release|x64
		{464A6551-FCA9-4027-BD9E-2B26914782AB}.Release|x64.Build.0 = Release|x64
		{464A6551-FCA9-4027-BD9E-2B26914782AB}.Release|x86.ActiveCfg = Release|Win32
		{464A6551-FCA9-4027-BD9E-2B26914782AB}.Release|x86.Build.0 = Release|Win32
		{5FE0EAD5-3429-4525-A533-8CF75C85D4F1}.Debug|x64.ActiveCfg = Debug|x64
		{5FE0EAD5-3429-4525-A533-8CF75C85D4F1}.Debug|x64.Build.0 = Debug|x64
		{5FE0EAD5-3429-4525-A533-8CF75C85D4F1}.Debug|x86.ActiveCfg = Debug|Win32
		{5FE0EAD5-3429-4525-A533-8CF75C85D4F1}.Debug|x86.Build.0 = Debug|Win32
		{5FE0EAD5-3429-4525-A533-8CF75C85D4F1}.Release|x64.ActiveCfg = Release|x64
		{5FE0EAD5-3429-4525-A533-8CF75C85D4F1}.Release|x64.Build.0 = Release|x64
		{5FE0EAD5-3429-4525-A533-8CF75C85D4F1}.Release|x86.ActiveCfg = Release|Win32
		{5FE0EAD5-3429-4525-A533-8CF75C85D4F1}.Release|x86.Build.0 = Release|Win32
		{4438BC28-0C79-4907-BD5C-ABAD0DD78AEC}.Debug|x64.ActiveCfg = Debug|x64
		{4438BC28-0C79-4907-BD5C-ABAD0DD78AEC}.Debug|x64.Build.0 = Debug|x64
		{4438BC28-0C79-4907-BD5C-ABAD0DD78AEC}.Debug|x86.ActiveCfg = Debug|Win32
		{4438BC28-0C79-4907-BD5C-ABAD0DD78AEC}.Debug|x86.Build.0 = Debug|Win32
		{4438BC28-0C79-4907-BD5C-ABAD0DD78AEC}.Release|x64.ActiveCfg = Release|x64
		{4438BC28-0C79-4907-BD5C-ABAD0DD78AEC}.Release|x64.Build.0 = Release|x64
		{4438BC28-0C79-4907-BD5C-ABAD0DD78AEC}.Release|x86.ActiveCfg = Release|Win32
		{4438BC28-0C79-4907-BD5C-ABAD0DD78AEC}.Release|x86.Build.0 = Release|Win32
		{E803347F-34D1-43AC-B234-5F8940FAB26A}.Debug|x64.ActiveCfg = Debug|x64
		{E803347F-34D1-43AC-B234-5F8940FAB26A}.Debug|x64.Build.0 = Debug|x64
		{E803347F-34D1-43AC-B234-5F8940FAB26A}.Debug|x86.ActiveCfg = Debug|Win32
		{E803347F-34D1-43AC-B234-5F8940FAB26A}.Debug|x86.Build.0 = Debug|Win32
		{E803347F-34D1-43AC-B234-5F8940FAB26A}.Release|x64.ActiveCfg = Release|x64
		{E803347F-34D1-43AC-B234-5F8940FAB26A}.Release|x64.Build.0 = Release|x64
		{E803347F-34D1-43AC-B234-5F8940FAB26A}.Release|x86.ActiveCfg = Release|Win32
		{E803347F-34D1-43AC-B234-5F8940FAB26A}.Release|x86.Build.0 = Release|Win32
		{60FF1B7F-04EC-40AE-BDED-5FE1742DA10E}.Debug|x64.ActiveCfg = Debug|x64
		{60FF1B7F-04EC-40AE-BDED-5FE1742DA10E}.Debug|x64.Build.0 = Debug|x64
		{60FF1B7F-04EC-40AE-BDED-5FE1742DA10E}.Debug|x86.ActiveCfg = Debug|Win32
		{60FF1B7F-04EC-40AE-BDED-5FE1742DA10E}.Debug|x86.Build.0 = Debug|Win32
		{60FF1B7F-04EC-40AE-BDED-5FE1742DA10E}.Release|x64.ActiveCfg = Release|x64
		{60FF1B7F-04EC-40AE-BDED-5FE1742DA10E}.Release|x64.Build.0 = Release|x64
		{60FF1B7F-04EC-40AE-BDED-5FE1742DA10E}.Release|x86.ActiveCfg = Release|Win32
		{60FF1B7F-04EC-40AE-BDED-5FE1742DA10E}.Release|x86.Build.0 = Release|Win32
		{A5C152AD-26A3-4835-BB10-EF292DAF94AC}.Debug|x64.ActiveCfg = Debug|x64
		{A5C152AD-26A3-4835-BB10-EF292DAF94AC}.Debug|x64.Build.0 = Debug|x64
		{A5C152AD-26A3-4835-BB10-EF292DAF94AC}.Debug|x86.ActiveCfg = Debug|Win32
		{A5C152AD-26A3-4835-BB10-EF292DAF94AC}.Debug|x86.Build.0 = Debug|Win32
		{A5C152AD-26A3-4835-BB10-EF292DAF94AC}.Release|x64.ActiveCfg = Release|x64
		{A5C152AD-26A3-4835-BB10-EF292DAF94AC}.Release|x64.Build.0 = Release|x64
		{A5C152AD-26A3-4835-BB10-EF292DAF94AC}.Release|x86.ActiveCfg = Release|Win32
		{A5C152AD-26A3-4835-BB10-EF292DAF94AC}.Release|x86.Build.0 = Release|Win32
		{0B19945A-9CA2-4ED3-84D8-0924B5428925}.Debug|x64.ActiveCfg = Debug|x64
		{0B19945A-9CA2-4ED3-84D8-0924B5428925}.Debug|x64.Build.0 = Debug|x64
		{0B19945A-9CA2-4ED3-84D8-0924B5428925}.Debug|x86.ActiveCfg = Debug|Win32
		{0B19945A-9CA2-4ED3-84D8-0924B5428925}.Debug|x86.Build.0 = Debug|Win32
		{0B19945A-9CA2-4ED3-84D8-0924B5428925}.Release|x64.ActiveCfg = Release|x64
		{0B19945A-9CA2-4ED3-84D8-0924B5428925}.Release|x64.Build.0 = Release|x64
		{0B19945A-9CA2-4ED3-84D8-0924B5428925}.Release|x86.ActiveCfg = Release|Win32
		{0B19945A-9CA2-4ED3-84D8-0924B5428925}.Release|x86.Build.0 = Release|Win32
		{B38967B9-886D-4E1F-B733-828D1783E2DC}.Debug|x64.ActiveCfg = Debug|x64
		{B38967B9-886D-4E1F-B733-828D1783E2DC}.Debug|x64.Build.0 = Debug|x64
		{B38967B9-886D-4E1F-B733-828D1783E2DC}.Debug|x86.ActiveCfg = Debug|Win32
		{B38967B9-886D-4E1F-B733-828D1783E2DC}.Debug|x86.Build.0 = Debug|Win32
		{B38967B9-886D-4E1F-B733-828D1783E2DC}.Release|x64.ActiveCfg = Release|x64
		{B38967B9-886D-4E1F-B733-828D1783E2DC}.Release|x64.Build.0 = Release|x64
		{B38967B9-886D-4E1F-B733-828D1783E2DC}.Release|x86.ActiveCfg = Release|Win32
		{B38967B9-886D-4E1F-B733-828D1783E2DC}.Release|x86.Build.0 = Release|Win32
		{A506E35D-BB34-468D-82CD-112386BE29D1}.Debug|x64.ActiveCfg = Debug|x64
		{A506E35D-BB34-468D-82CD-112386BE29D1}.Debug|x64.Build.0 = Debug|x64
		{A506E35D-BB34-468D-82CD-112386BE29D1}.Debug|x86.ActiveCfg = Debug|Win32
		{A506E35D-BB34-468D-82CD-112386BE29D1}.Debug|x86.Build.0 = Debug|Win32
		{A506E35D-BB34-468D-82CD-112386BE29D1}.Release|x64.ActiveCfg = Release|x64
		{A506E35D-BB34-468D-82CD-112386BE29D1}.Release|x64.Build.0 = Release|x64
		{A506E35D-BB34-468D-82CD-112386BE29D1}.Release|x86.ActiveCfg = Release|Win32
		{A506E35D-BB34-468D-82CD-112386BE29D1}.Release|x86.Build.0 = Release|Win32
		{999C3D5F-7F79-4BD7-AE21-92EEED0C5962}.Debug|x64.ActiveCfg = Debug|x64
		{999C3D5F-7F79-4BD7-AE21-92EEED0C5962}.Debug|x64.Build.0 = Debug|x64
		{999C3D5F-7F79-4BD7-AE21-92EEED0C5962}.Debug|x86.ActiveCfg = Debug|Win32
		{999C3D5F-7F79-4BD7-AE21-92EEED0C5962}.Debug|x86.Build.0 = Debug|Win32
		{999C3D5F-7F79-4BD7-AE21-92EEED0C5962}.Release|x64.ActiveCfg = Release|x64
		{999C3D5F-7F79-4BD7-AE21-92EEED0C5962}.Release|x64.Build.0 = Release|x64
		{999C3D5F-7F79-4BD7-AE21-92EEED0C5962}.Release|x86.ActiveCfg = Release|Win32
		{999C3D5F-7F79-4BD7-AE21-92EEED0C5962}.Release|x86.Build.0 = Release|Win32
		{DD1B3BF3-3C86-49F6-ABF4-E021EBCDAF80}.Debug|x64.ActiveCfg = Debug|x64
		{DD1B3BF3-3C86-49F6-ABF4-E021EBCDAF80}.Debug|x64.Build.0 = Debug|x64
		{DD1B3BF3-3C86-49F6-ABF4-E021EBCDAF80}.Debug|x86.ActiveCfg = Debug|Win32
		{DD1B3BF3-3C86-49F6-ABF4-E021EBCDAF80}.Debug|x86.Build.0 = Debug|Win32
		{DD1B3BF3-3C86-49F6-ABF4-E021EBCDAF80}.Release|x64.ActiveCfg = Release|x64
		{DD1B3BF3-3C86-49F6-ABF4-E021EBCDAF80}.Release|x64.Build.0 = Release|x64
		{DD1B3BF3-3C86-49F6-ABF4-E021EBCDAF80}.Release|x86.ActiveCfg = Release|Win32
		{DD1B3BF3-3C86-49F6-ABF4-E021EBCDAF80}.Release|x86.Build.0 = Release|Win32
		{433F6D20-943A-4D7B-BFFE-BC9DFC932E6E}.Debug|x64.ActiveCfg = Debug|x64
		{433F6D20-943A-4D7B-BFFE-BC9DFC932E6E}.Debug|x64.Build.0 = Debug|x64
		{433F6D20-943A-4D7B-BFFE-BC9DFC932E6E}.Debug|x86.ActiveCfg = Debug|Win32
		{433F6D20-943A-4D7B-BFFE-BC9DFC932E6E}.Debug|x86.Build.0 = Debug|Win32
		{433F6D20-943A-4D7B-BFFE-BC9DFC932E6E}.Release|x64.ActiveCfg = Release|x64
		{433F6D20-943A-4D7B-BFFE-BC9DFC932E6E}.Release|x64.Build.0 = Release|x64
		{433F6D20-943A-4D7B-BFFE-BC9DFC932E6E}.Release|x86.ActiveCfg = Release|Win32
		{433F6D20-943A-4D7B-BFFE-BC9DFC932E6E}.Release|x86.Build.0 = Release|Win32
		{30E6BB9F-138D-4B44-9733-869263F7BAD5}.Debug|x64.ActiveCfg = Debug|x64
		{30E6BB9F-138D-4B44-9733-869263F7BAD5}.Debug|x64.Build.0 = Debug|x64
		{30E6BB9F-138D-4B44-9733-869263F7BAD5}.Debug|x86.ActiveCfg = Debug|Win32
		{30E6BB9F-138D-4B44-9733-869263F7BAD5}.Debug|x86.Build.0 = Debug|Win32
		{30E6BB9F-138D-4B44-9733-869263F7BAD5}.Release|x64.ActiveCfg = Release|x64
		{30E6BB9F-138D-4B44-9733-869263F7BAD5}.Release|x64.Build.0 = Release|x64
		{30E6BB9F-138D-4B44-9733-869263F7BAD5}.Release|x86.ActiveCfg = Release|Win32
		{30E6BB9F-138D-4B44-9733-869263F7BAD5}.Release|x86.Build.0 = Release|Win32
		{7462D3A7-9936-442E-877C-89EFDA754596}.Debug|x64.ActiveCfg = Debug|x64
		{7462D3A7-9936-442E-877C-89EFDA754596}.Debug|x64.Build.0 = Debug|x64
		{7462D3A7-9936-442E-877C-89EFDA754596}.Debug|x86.ActiveCfg = Debug|Win32
		{7462D3A7-9936-442E-877C-89EFDA754596}.Debug|x86.Build.0 = Debug|Win32
		{7462D3A7-9936-442E-877C-89EFDA754596}.Release|x64.ActiveCfg = Release|x64
		{7462D3A7-9936-442E-877C-89EFDA754596}.Release|x64.Build.0 = Release|x64
		{7462D3A7-9936-442E-877C-89EFDA754596}.Release|x86.ActiveCfg = Release|Win32
		{7462D3A7-9936-442E-877C-89EFDA754596}.Release|x86.Build.0 = Release|Win32
		{5003F315-B5D5-48AB-BA3F-1CB0DEC8C213}.Debug|x64.ActiveCfg = Debug|x64
		{5003F315-B5D5-48AB-BA3F-1CB0DEC8C213}.Debug|x64.Build.0 = Debug|x64
		{5003F315-B5D5-48AB-BA3F-1CB0DEC8C213}.Debug|x86.ActiveCfg = Debug|Win32
		{5003F315-B5D5-48AB-BA3F-1CB0DEC8C213}.Debug|x86.Build.0 = Debug|Win32
		{5003F315-B5D5-48AB-BA3F-1CB0DEC8C213}.Release|x64.ActiveCfg = Release|x64
		{5003F315-B5D5-48AB-BA3F-1CB0DEC8C213}.Release|x64.Build.0 = Release|x64
		{5003F315-B5D5-48AB-BA3F-1CB0DEC8C213}.Release|x86.ActiveCfg = Release|Win32
		{5003F315-B5D5-48AB-BA3F-1CB0DEC8C213}.Release|x86.Build.0 = Release|Win32
		{08EFE31C-CA8A-4271-B255-6F92BD2ADA4B}.Debug|x64.ActiveCfg = Debug|x64
		{08EFE31C-CA8A-4271-B255-6F92BD2ADA4B}.Debug|x64.Build.0 = Debug|x64
		{08EFE31C-CA8A-4271-B255-6F92BD2ADA4B}.Debug|x86.ActiveCfg = Debug|Win32
		{08EFE31C-CA8A-4271-B255-6F92BD2ADA4B}.Debug|x86.Build.0 = Debug|Win32
		{08EFE31C-CA8A-4271-B255-6F92BD2ADA4B}.Release|x64.ActiveCfg = Release|x64
		{08EFE31C-CA8A-4271-B255-6F92BD2ADA4B}.Release|x64.Build.0 = Release|x64
		{08EFE31C-CA8A-4271-B255-6F92BD2ADA4B}.Release|x86.ActiveCfg = Release|Win32
		{08EFE31C-CA8A-4271-B255-6F92BD2ADA4B}.Release|x86.Build.0 = Release|Win32
		{674D3E72-CBD0-4EBD-BD0C-CF9326489421}.Debug|x64.ActiveCfg = Debug|x64
		{674D3E72-CBD0-4EBD-BD0C-CF9326489421}.Debug|x64.Build.0 = Debug|x64
		{674D3E72-CBD0-4EBD-BD0C-CF9326489421}.Debug|x86.ActiveCfg = Debug|Win32
		{674D3E72-CBD0-4EBD-BD0C-CF9326489421}.Debug|x86.Build.0 = Debug|Win32
		{674D3E72-CBD0-4EBD-BD0C-CF9326489421}.Release|x64.ActiveCfg = Release|x64
		{674D3E72-CBD0-4EBD-BD0C-CF9326489421}.Release|x64.Build.0 = Release|x64
		{674D3E72-CBD0-4EBD-BD0C-CF9326489421}.Release|x86.ActiveCfg = Release|Win32
		{674D3E72-CBD0-4EBD-BD0C-CF9326489421}.Release|x86.Build.0 = Release|Win32
		{193BB096-CD2C-48E8-8A28-99ECC2D019AD}.Debug|x64.ActiveCfg = Debug|x64
		{193BB096-CD2C-48E8-8A28-99ECC2D019AD}.Debug|x64.Build.0 = Debug|x64
		{193BB096-CD2C-48E8-8A28-99ECC2D019AD}.Debug|x86.ActiveCfg = Debug|Win32
		{193BB096-CD2C-48E8-8A28-99ECC2D019AD}.Debug|x86.Build.0 = Debug|Win32
		{193BB096-CD2C-48E8-8A28-99ECC2D019AD}.Release|x64.ActiveCfg = Release|x64
		{193BB096-CD2C-48E8-8A28-99ECC2D019AD}.Release|x64.Build.0 = Release|x64
		{193BB096-CD2C-48E8-8A28-99ECC2D019AD}.Release|x86.ActiveCfg = Release|Win32
		{193BB096-CD2C-48E8-8A28-99ECC2D019AD}.Release|x86.Build.0 = Release|Win32
		{2BC54F48-D7BF-416B-9C09-E0F292CA4EB1}.Debug|x64.ActiveCfg = Debug|x64
		{2BC54F48-D7BF-416B-9C09-E0F292CA4EB1}.Debug|x64.Build.0 = Debug|x64
		{2BC54F48-D7BF-416B-9C09-E0F292CA4EB1}.Debug|x86.ActiveCfg = Debug|Win32
		{2BC54F48-D7BF-416B-9C09-E0F292CA4EB1}.Debug|x86.Build.0 = Debug|Win32
		{2BC54F48-D7BF-416B-9C09-E0F292CA4EB1}.Release|x64.ActiveCfg = Release|x64
		{2BC54F48-D7BF-416B-9C09-E0F292CA4EB1}.Release|x64.Build.0 = Release|x64
		{2BC54F48-D7BF-416B-9C09-E0F292CA4EB1}.Release|x86.ActiveCfg = Release|Win32
		{2BC54F48-D7BF-416B-9C09-E0F292CA4EB1}.Release|x86.Build.0 = Release|Win32
		{54116086-BD9D-4DAC-B791-EC675B9CADAB}.Debug|x64.ActiveCfg = Debug|x64
		{54116086-BD9D-4DAC-B791-EC675B9CADAB}.Debug|x64.Build.0 = Debug|x64
		{54116086-BD9D-4DAC-B791-EC675B9CADAB}.Debug|x86.ActiveCfg = Debug|Win32
		{54116086-BD9D-4DAC-B791-EC675B9CADAB}.Debug|x86.Build.0 = Debug|Win32
		{54116086-BD9D-4DAC-B791-EC675B9CADAB}.Release|x64.ActiveCfg = Release|x64
		{54116086-BD9D-4DAC-B791-EC675B9CADAB}.Release|x64.Build.0 = Release|x64
		{54116086-BD9D-4DAC-B791-EC675B9CADAB}.Release|x86.ActiveCfg = Release|Win32
		{54116086-BD9D-4DAC-B791-EC675B9CADAB}.Release|x86.Build.0 = Release|Win32
		{6FF846D1-2377-4601-B2F6-83E31748CB16}.Debug|x64.ActiveCfg = Debug|x64
		{6FF846D1-2377-4601-B2F6-83E31748CB16}.Debug|x64.Build.0 = Debug|x64
		{6FF846D1-2377-4601-B2F6-83E31748CB16}.Debug|x86.ActiveCfg = Debug|Win32
		{6FF846D1-2377-4601-B2F6-83E31748CB16}.Debug|x86.Build.0 = Debug|Win32
		{6FF846D1-2377-4601-B2F6-83E31748CB16}.Release|x64.ActiveCfg = Release|x64
		{6FF846D1-2377-4601-B2F6-83E31748CB16}.Release|x64.Build.0 = Release|x64
		{6FF846D1-2377-4601-B2F6-83E31748CB16}.Release|x86.ActiveCfg = Release|Win32
		{6FF846D1-2377-4601-B2F6-83E31748CB16}.Release|x86.Build.0 = Release|Win32
		{B7ED3F7D-BFA1-42C9-9089-C6401FFDE3D4}.Debug|x64.ActiveCfg = Debug|x64
		{B7ED3F7D-BFA1-42C9-9089-C6401FFDE3D4}.Debug|x64.Build.0 = Debug|x64
		{B7ED3F7D-BFA1-42C9-9089-C6401FFDE3D4}.Debug|x86.ActiveCfg = Debug|Win32
		{B7ED3F7D-BFA1-42C9-9089-C6401FFDE3D4}.Debug|x86.Build.0 = Debug|Win32
		{B7ED3F7D-BFA1-42C9-9089-C6401FFDE3D4}.Release|x64.ActiveCfg = Release|x64
		{B7ED3F7D-BFA1-42C9-9089-C6401FFDE3D4}.Release|x64.Build.0 = Release|x64
		{B7ED3F7D-BFA1-42C9-9089-C6401FFDE3D4}.Release|x86.ActiveCfg = Release|Win32
		{B7ED3F7D-BFA1-42C9-9089-C6401FFDE3D4}.Release|x86.Build.0 = Release|Win32
		{CC6F0957-6ABE-4221-B193-6069F2C1585C}.Debug|x64.ActiveCfg = Debug|x64
		{CC6F0957-6ABE-4221-B193-6069F2C1585C}.Debug|x64.Build.0 = Debug|x64
		{CC6F0957-6ABE-4221-B193-6069F2C1585C}.Debug|x86.ActiveCfg = Debug|Win32
		{CC6F0957-6ABE-4221-B193-6069F2C1585C}.Debug|x86.Build.0 = Debug|Win32
		{CC6F0957-6ABE-4221-B193-6069F2C1585C}.Release|x64.ActiveCfg = Release|x64
		{CC6F0957-6ABE-4221-B193-6069F2C1585C}.Release|x64.Build.0 = Release|x64
		{CC6F0957-6ABE-4221-B193-6069F2C1585C}.Release|x86.ActiveCfg = Release|Win32
		{CC6F0957-6ABE-4221-B193-6069F2C1585C}.Release|x86.Build.0 = Release|Win32
		{7141A540-6E2B-4830-9532-13FB6E100D4C}.Debug|x64.ActiveCfg = Debug|x64
		{7141A540-6E2B-4830-9532-13FB6E100D4C}.Debug|x64.Build.0 = Debug|x64
		{7141A540-6E2B-4830-9532-13FB6E100D4C}.Debug|x86.ActiveCfg = Debug|Win32
		{7141A540-6E2B-4830-9532-13FB6E100D4C}.Debug|x86.Build.0 = Debug|Win32
		{7141A540-6E2B-4830-9532-13FB6E100D4C}.Release|x64.ActiveCfg = Release|x64
		{7141A540-6E2B-4830-9532-13FB6E100D4C}.Release|x64.Build.0 = Release|x64
		{7141A540-6E2B-4830-9532-13FB6E100D4C}.Release|x86.ActiveCfg = Release|Win32
		{7141A540-6E2B-4830-9532-13FB6E100D4C}.Release|x86.Build.0 = Release|Win32
		{16E33DAA-7734-4082-B347-6FF140D7891A}.Debug|x64.ActiveCfg = Debug|x64
		{16E33DAA-7734-4082-B347-6FF140D7891A}.Debug|x64.Build.0 = Debug|x64
		{16E33DAA-7734-4082-B347-6FF140D7891A}.Debug|x86.ActiveCfg = Debug|Win32
		{16E33DAA-7734-4082-B347-6FF140D7891A}.Debug|x86.Build.0 = Debug|Win32
		{16E33DAA-7734-4082-B347-6FF140D7891A}.Release|x64.ActiveCfg = Release|x64
		{16E33DAA-7734-4082-B347-6FF140D7891A}.Release|x64.Build.0 = Release|x64
		{16E33DAA-7734-4082-B347-6FF140D7891A}.Release|x86.ActiveCfg = Release|Win32
		{16E33DAA-7734-4082-B347-6FF140D7891A}.Release|x86.Build.0 = Release|Win32
		{4C622CAE-D1C2-4909-94A9-6BDB6E4CE0D6}.Debug|x64.ActiveCfg = Debug|x64
		{4C622CAE-D1C2-4909-94A9-6BDB6E4CE0D6}.Debug|x64.Build.0 = Debug|x64
		{4C622CAE-D1C2-4909-94A9-6BDB6E4CE0D6}.Debug|x86.ActiveCfg = Debug|Win32
		{4C622CAE-D1C2-4909-94A9-6BDB6E4CE0D6}.Debug|x86.Build.0 = Debug|Win32
		{4C622CAE-D1C2-4909-94A9-6BDB6E4CE0D6}.Release|x64.ActiveCfg = Release|x64
		{4C622CAE-D1C2-4909-94A9-6BDB6E4CE0D6}.Release|x64.Build.0 = Release|x64
		{4C622CAE-D1C2-4909-94A9-6BDB6E4CE0D6}.Release|x86.ActiveCfg = Release|Win32
		{4C622CAE-D1C2-4909-94A9-6BDB6E4CE0D6}.Release|x86.Build.0 = Release|Win32
		{7E1B3DFF-88C1-43F2-AE97-BE197D80EF2B}.Debug|x64.ActiveCfg = Debug|x64
		{7E1B3DFF-88C1-43F2-AE97-BE197D80EF2B}.Debug|x64.Build.0 = Debug|x64
		{7E1B3DFF-88C1-43F2-AE97-BE197D80EF2B}.Debug|x86.ActiveCfg = Debug|x64
		{7E1B3DFF-88C1-43F2-AE97-BE197D80EF2B}.Debug|x86.Build.0 = Debug|x64
		{7E1B3DFF-88C1-43F2-AE97-BE197D80EF2B}.Release|x64.ActiveCfg = Release|x64
		{7E1B3DFF-88C1-43F2-AE97-BE197D80EF2B}.Release|x64.Build.0 = Release|x64
		{7E1B3DFF-88C1-43F2-AE97-BE197D80EF2B}.Release|x86.ActiveCfg = Release|x64
		{9545B8A6-A104-4CA2-BC56-A8F7B6B17E32}.Debug|x64.ActiveCfg = Debug|x64
		{9545B8A6-A104-4CA2-BC56-A8F7B6B17E32}.Debug|x64.Build.0 = Debug|x64
		{9545B8A6-A104-4CA2-BC56-A8F7B6B17E32}.Debug|x86.ActiveCfg = Debug|Win32
		{9545B8A6-A104-4CA2-BC56-A8F7B6B17E32}.Debug|x86.Build.0 = Debug|Win32
		{9545B8A6-A104-4CA2-BC56-A8F7B6B17E32}.Release|x64.ActiveCfg = Release|x64
		{9545B8A6-A104-4CA2-BC56-A8F7B6B17E32}.Release|x64.Build.0 = Release|x64
		{9545B8A6-A104-4CA2-BC56-A8F7B6B17E32}.Release|x86.ActiveCfg = Release|Win32
		{9545B8A6-A104-4CA2-BC56-A8F7B6B17E32}.Release|x86.Build.0 = Release|Win32
		{27C8641A-629C-4F2A-8B12-37ECCA4B5143}.Debug|x64.ActiveCfg = Debug|x64
		{27C8641A-629C-4F2A-8B12-37ECCA4B5143}.Debug|x64.Build.0 = Debug|x64
		{27C8641A-629C-4F2A-8B12-37ECCA4B5143}.Debug|x86.ActiveCfg = Debug|Win32
		{27C8641A-629C-4F2A-8B12-37ECCA4B5143}.Debug|x86.Build.0 = Debug|Win32
		{27C8641A-629C-4F2A-8B12-37ECCA4B5143}.Release|x64.ActiveCfg = Release|x64
		{27C8641A-629C-4F2A-8B12-37ECCA4B5143}.Release|x64.Build.0 = Release|x64
		{27C8641A-629C-4F2A-8B12-37ECCA4B5143}.Release|x86.ActiveCfg = Release|Win32
		{27C8641A-629C-4F2A-8B12-37ECCA4B5143}.Release|x86.Build.0 = Release|Win32
		{C4A8A8ED-1817-46FC-97E1-E77CA8057D9E}.Debug|x64.ActiveCfg = Debug|x64
		{C4A8A8ED-1817-46FC-97E1-E77CA8057D9E}.Debug|x64.Build.0 = Debug|x64
		{C4A8A8ED-1817-46FC-97E1-E77CA8057D9E}.Debug|x86.ActiveCfg = Debug|Win32
		{C4A8A8ED-1817-46FC-97E1-E77CA8057D9E}.Debug|x86.Build.0 = Debug|Win32
		{C4A8A8ED-1817-46FC-97E1-E77CA8057D9E}.Release|x64.ActiveCfg = Release|x64
		{C4A8A8ED-1817-46FC-97E1-E77CA8057D9E}.Release|x64.Build.0 = Release|x64
		{C4A8A8ED-1817-46FC-97E1-E77CA8057D9E}.Release|x86.ActiveCfg = Release|Win32
		{C4A8A8ED-1817-46FC-97E1-E77CA8057D9E}.Release|x86.Build.0 = Release|Win32
		{DFB3A233-13A2-4EF1-9872-9CBB331E560A}.Debug|x64.ActiveCfg = Debug|x64
		{DFB3A233-13A2-4EF1-9872-9CBB331E560A}.Debug|x64.Build.0 = Debug|x64
		{DFB3A233-13A2-4EF1-9872-9CBB331E560A}.Debug|x86.ActiveCfg = Debug|Win32
		{DFB3A233-13A2-4EF1-9872-9CBB331E560A}.Debug|x86.Build.0 = Debug|Win32
		{DFB3A233-13A2-4EF1-9872-9CBB331E560A}.Release|x64.ActiveCfg = Release|x64
		{DFB3A233-13A2-4EF1-9872-9CBB331E560A}.Release|x64.Build.0 = Release|x64
		{DFB3A233-13A2-4EF1-9872-9CBB331E560A}.Release|x86.ActiveCfg = Release|Win32
		{DFB3A233-13A2-4EF1-9872-9CBB331E560A}.Release|x86.Build.0 = Release|Win32
		{C9C5507C-4B42-4ECC-8BF2-0A254637B814}.Debug|x64.ActiveCfg = Debug|x64
		{C9C5507C-4B42-4ECC-8BF2-0A254637B814}.Debug|x64.Build.0 = Debug|x64
		{C9C5507C-4B42-4ECC-8BF2-0A254637B814}.Debug|x86.ActiveCfg = Debug|Win32
		{C9C5507C-4B42-4ECC-8BF2-0A254637B814}.Debug|x86.Build.0 = Debug|Win32
		{C9C5507C-4B42-4ECC-8BF2-0A254637B814}.Release|x64.ActiveCfg = Release|x64
		{C9C5507C-4B42-4ECC-8BF2-0A254637B814}.Release|x64.Build.0 = Release|x64
		{C9C5507C-4B42-4ECC-8BF2-0A254637B814}.Release|x86.ActiveCfg = Release|Win32
		{C9C5507C-4B42-4ECC-8BF2-0A254637B814}.Release|x86.Build.0 = Release|Win32
		{0EEE50DD-9109-4253-A3A8-08DA0D23E05A}.Debug|x64.ActiveCfg = Debug|x64
		{0EEE50DD-9109-4253-A3A8-08DA0D23E05A}.Debug|x64.Build.0 = Debug|x64
		{0EEE50DD-9109-4253-A3A8-08DA0D23E05A}.Debug|x86.ActiveCfg = Debug|Win32
		{0EEE50DD-9109-4253-A3A8-08DA0D23E05A}.Debug|x86.Build.0 = Debug|Win32
		{0EEE50DD-9109-4253-A3A8-08DA0D23E05A}.Release|x64.ActiveCfg = Release|x64
		{0EEE50DD-9109-4253-A3A8-08DA0D23E05A}.Release|x64.Build.0 = Release|x64
		{0EEE50DD-9109-4253-A3A8-08DA0D23E05A}.Release|x86.ActiveCfg = Release|Win32
		{0EEE50DD-9109-4253-A3A8-08DA0D23E05A}.Release|x86.Build.0 = Release|Win32
		{4BDE8532-8703-450A-8D41-DE4CEE9F6684}.Debug|x64.ActiveCfg = Debug|x64
		{4BDE8532-8703-450A-8D41-DE4CEE9F6684}.Debug|x64.Build.0 = Debug|x64
		{4BDE8532-8703-450A-8D41-DE4CEE9F6684}.Debug|x86.ActiveCfg = Debug|Win32
		{4BDE8532-8703-450A-8D41-DE4CEE9F6684}.Debug|x86.Build.0 = Debug|Win32
		{4BDE8532-8703-450A-8D41-DE4CEE9F6684}.Release|x64.ActiveCfg = Release|x64
		{4BDE8532-8703-450A-8D41-DE4CEE9F6684}.Release|x64.Build.0 = Release|x64
		{4BDE8532-8703-450A-8D41-DE4CEE9F6684}.Release|x86.ActiveCfg = Release|Win32
		{4BDE8532-8703-450A-8D41-DE4CEE9F6684}.Release|x86.Build.0 = Release|Win32
	EndGlobalSection
	GlobalSection(SolutionProperties) = preSolution
		HideSolutionNode = FALSE
	EndGlobalSection
	GlobalSection(NestedProjects) = preSolution
		{F0FCBFCD-6AE4-4981-B96C-32435D727EC6} = {DD381982-CB55-457A-AAB5-BB31B72CDC06}
		{E9A1C1DB-D622-4FB4-8CF0-C76DF6A8CB1B} = {E5C51EF7-81D3-4030-A4CE-0D2D666CEF4F}
		{464A6551-FCA9-4027-BD9E-2B26914782AB} = {E5C51EF7-81D3-4030-A4CE-0D2D666CEF4F}
		{5FE0EAD5-3429-4525-A533-8CF75C85D4F1} = {31B05C03-4BB2-4A0D-B621-B41DA6B0F57E}
		{4438BC28-0C79-4907-BD5C-ABAD0DD78AEC} = {31B05C03-4BB2-4A0D-B621-B41DA6B0F57E}
		{E803347F-34D1-43AC-B234-5F8940FAB26A} = {E5C51EF7-81D3-4030-A4CE-0D2D666CEF4F}
		{60FF1B7F-04EC-40AE-BDED-5FE1742DA10E} = {E5C51EF7-81D3-4030-A4CE-0D2D666CEF4F}
		{A5C152AD-26A3-4835-BB10-EF292DAF94AC} = {E5C51EF7-81D3-4030-A4CE-0D2D666CEF4F}
		{3E8C98E7-04FE-4E50-841F-C30E30E2F42D} = {EE37D457-6F3F-4596-B682-FC8CB683E326}
		{0B19945A-9CA2-4ED3-84D8-0924B5428925} = {3E8C98E7-04FE-4E50-841F-C30E30E2F42D}
		{B38967B9-886D-4E1F-B733-828D1783E2DC} = {3E8C98E7-04FE-4E50-841F-C30E30E2F42D}
		{A506E35D-BB34-468D-82CD-112386BE29D1} = {3E8C98E7-04FE-4E50-841F-C30E30E2F42D}
		{999C3D5F-7F79-4BD7-AE21-92EEED0C5962} = {E5C51EF7-81D3-4030-A4CE-0D2D666CEF4F}
		{DD1B3BF3-3C86-49F6-ABF4-E021EBCDAF80} = {EE37D457-6F3F-4596-B682-FC8CB683E326}
		{433F6D20-943A-4D7B-BFFE-BC9DFC932E6E} = {EE37D457-6F3F-4596-B682-FC8CB683E326}
		{30E6BB9F-138D-4B44-9733-869263F7BAD5} = {E5C51EF7-81D3-4030-A4CE-0D2D666CEF4F}
		{7462D3A7-9936-442E-877C-89EFDA754596} = {E5C51EF7-81D3-4030-A4CE-0D2D666CEF4F}
		{5003F315-B5D5-48AB-BA3F-1CB0DEC8C213} = {E5C51EF7-81D3-4030-A4CE-0D2D666CEF4F}
		{08EFE31C-CA8A-4271-B255-6F92BD2ADA4B} = {31B05C03-4BB2-4A0D-B621-B41DA6B0F57E}
		{674D3E72-CBD0-4EBD-BD0C-CF9326489421} = {E5C51EF7-81D3-4030-A4CE-0D2D666CEF4F}
		{193BB096-CD2C-48E8-8A28-99ECC2D019AD} = {E5C51EF7-81D3-4030-A4CE-0D2D666CEF4F}
		{2BC54F48-D7BF-416B-9C09-E0F292CA4EB1} = {E5C51EF7-81D3-4030-A4CE-0D2D666CEF4F}
		{54116086-BD9D-4DAC-B791-EC675B9CADAB} = {E5C51EF7-81D3-4030-A4CE-0D2D666CEF4F}
		{6FF846D1-2377-4601-B2F6-83E31748CB16} = {E5C51EF7-81D3-4030-A4CE-0D2D666CEF4F}
		{B7ED3F7D-BFA1-42C9-9089-C6401FFDE3D4} = {E5C51EF7-81D3-4030-A4CE-0D2D666CEF4F}
		{CC6F0957-6ABE-4221-B193-6069F2C1585C} = {E5C51EF7-81D3-4030-A4CE-0D2D666CEF4F}
		{7141A540-6E2B-4830-9532-13FB6E100D4C} = {DD381982-CB55-457A-AAB5-BB31B72CDC06}
		{16E33DAA-7734-4082-B347-6FF140D7891A} = {E5C51EF7-81D3-4030-A4CE-0D2D666CEF4F}
		{4C622CAE-D1C2-4909-94A9-6BDB6E4CE0D6} = {31B05C03-4BB2-4A0D-B621-B41DA6B0F57E}
		{7E1B3DFF-88C1-43F2-AE97-BE197D80EF2B} = {31B05C03-4BB2-4A0D-B621-B41DA6B0F57E}
		{9545B8A6-A104-4CA2-BC56-A8F7B6B17E32} = {64677875-B8BF-4DD4-B884-6A6CFF7527B9}
		{27C8641A-629C-4F2A-8B12-37ECCA4B5143} = {64677875-B8BF-4DD4-B884-6A6CFF7527B9}
		{C4A8A8ED-1817-46FC-97E1-E77CA8057D9E} = {AC0EBDC3-8723-4A43-9112-DB863C2C3694}
		{DFB3A233-13A2-4EF1-9872-9CBB331E560A} = {AC0EBDC3-8723-4A43-9112-DB863C2C3694}
		{C9C5507C-4B42-4ECC-8BF2-0A254637B814} = {E5C51EF7-81D3-4030-A4CE-0D2D666CEF4F}
		{0EEE50DD-9109-4253-A3A8-08DA0D23E05A} = {31B05C03-4BB2-4A0D-B621-B41DA6B0F57E}
		{4BDE8532-8703-450A-8D41-DE4CEE9F6684} = {E5C51EF7-81D3-4030-A4CE-0D2D666CEF4F}
	EndGlobalSection
	GlobalSection(ExtensibilityGlobals) = postSolution
		SolutionGuid = {A89F366F-0B7F-464F-90A8-A4828B273298}
	EndGlobalSection
EndGlobal
