<?xml version="1.0" encoding="utf-8"?>
<Project ToolsVersion="4.0" xmlns="http://schemas.microsoft.com/developer/msbuild/2003">
  <ItemGroup>
    <Filter Include="Resource Files">
      <UniqueIdentifier>{38141d6c-74d4-40d8-8841-c45744437237}</UniqueIdentifier>
    </Filter>
    <Filter Include="Enemy">
      <UniqueIdentifier>{8405c4d0-c686-4409-89a5-1494ad1c6e7e}</UniqueIdentifier>
    </Filter>
    <Filter Include="Bullet">
      <UniqueIdentifier>{143fe844-b417-48fb-8b56-c4eee14d052a}</UniqueIdentifier>
    </Filter>
  </ItemGroup>
  <ItemGroup>
    <Image Include="Resource Files\eaeAlien.ico">
      <Filter>Resource Files</Filter>
    </Image>
    <Image Include="Resource Files\eaeGamePad.ico">
      <Filter>Resource Files</Filter>
    </Image>
    <Image Include="Resource Files\vsDefault_large.ico">
      <Filter>Resource Files</Filter>
    </Image>
    <Image Include="Resource Files\vsDefault_small.ico">
      <Filter>Resource Files</Filter>
    </Image>
  </ItemGroup>
  <ItemGroup>
    <ResourceCompile Include="Resource Files\ScrollShooterGame.rc">
      <Filter>Resource Files</Filter>
    </ResourceCompile>
  </ItemGroup>
  <ItemGroup>
    <ClInclude Include="Resource Files\Resource.h">
      <Filter>Resource Files</Filter>
    </ClInclude>
    <ClInclude Include="Resource Files\targetver.h">
      <Filter>Resource Files</Filter>
    </ClInclude>
    <ClInclude Include="cScrollShooterGame.h" />
    <ClInclude Include="cPlayer.h" />
    <ClInclude Include="cPhysicsDebugObject.h" />
    <ClInclude Include="Enemy\cEnemy.Alien.h">
      <Filter>Enemy</Filter>
    </ClInclude>
    <ClInclude Include="Enemy\cEnemy.h">
      <Filter>Enemy</Filter>
    </ClInclude>
    <ClInclude Include="Enemy\cEnemy.Rock.h">
      <Filter>Enemy</Filter>
    </ClInclude>
    <ClInclude Include="Bullet\cBullet.Enemy.h">
      <Filter>Bullet</Filter>
    </ClInclude>
    <ClInclude Include="Bullet\cBullet.h">
      <Filter>Bullet</Filter>
    </ClInclude>
    <ClInclude Include="Bullet\cBullet.Player.h">
      <Filter>Bullet</Filter>
    </ClInclude>
    <ClInclude Include="Enemy\cEnemyGenerator.h">
      <Filter>Enemy</Filter>
    </ClInclude>
  </ItemGroup>
  <ItemGroup>
    <ClCompile Include="cScrollShooterGame.cpp" />
    <ClCompile Include="EntryPoint.cpp" />
    <ClCompile Include="cPlayer.cpp" />
    <ClCompile Include="cPhysicsDebugObject.cpp" />
    <ClCompile Include="Enemy\cEnemy.Alien.cpp">
      <Filter>Enemy</Filter>
    </ClCompile>
    <ClCompile Include="Enemy\cEnemy.cpp">
      <Filter>Enemy</Filter>
    </ClCompile>
    <ClCompile Include="Enemy\cEnemy.Rock.cpp">
      <Filter>Enemy</Filter>
    </ClCompile>
    <ClCompile Include="Bullet\cBullet.cpp">
      <Filter>Bullet</Filter>
    </ClCompile>
    <ClCompile Include="Bullet\cBullet.Enemy.cpp">
      <Filter>Bullet</Filter>
    </ClCompile>
    <ClCompile Include="Bullet\cBullet.Player.cpp">
      <Filter>Bullet</Filter>
    </ClCompile>
    <ClCompile Include="Enemy\cEnemyGenerator.cpp">
      <Filter>Enemy</Filter>
    </ClCompile>
  </ItemGroup>
</Project>