<?xml version="1.0" encoding="utf-8"?>
<Project ToolsVersion="4.0" xmlns="http://schemas.microsoft.com/developer/msbuild/2003">
  <ItemGroup>
    <Filter Include="Source Files">
      <UniqueIdentifier>{4FC737F1-C7A5-4376-A066-2A32D752A2FF}</UniqueIdentifier>
      <Extensions>cpp;c;cc;cxx;c++;cppm;ixx;def;odl;idl;hpj;bat;asm;asmx</Extensions>
    </Filter>
    <Filter Include="Source Files\DataType">
      <UniqueIdentifier>{f0e3845f-f147-4bcd-ba39-dbbd2b279dfa}</UniqueIdentifier>
    </Filter>
    <Filter Include="Source Files\Physics">
      <UniqueIdentifier>{1c183821-9b87-43e6-a159-0c4b8325b5e5}</UniqueIdentifier>
    </Filter>
    <Filter Include="Source Files\Timer">
      <UniqueIdentifier>{d3b5f37a-0c5c-4c95-adc9-3b95fc135c51}</UniqueIdentifier>
    </Filter>
    <Filter Include="Source Files\Engine">
      <UniqueIdentifier>{4a67fdfb-4f42-4d24-aa8d-e903fc302d03}</UniqueIdentifier>
    </Filter>
    <Filter Include="Source Files\Input">
      <UniqueIdentifier>{c40d1a56-6980-422f-a9b3-213efb31f3f8}</UniqueIdentifier>
    </Filter>
    <Filter Include="Source Files\Debugger">
      <UniqueIdentifier>{0e4ec07c-db5b-4c92-82d6-351b7cae6bfb}</UniqueIdentifier>
    </Filter>
  </ItemGroup>
  <ItemGroup>
    <ClCompile Include="DataType\DataType.cpp">
      <Filter>Source Files\DataType</Filter>
    </ClCompile>
    <ClCompile Include="Physics\Physics.cpp">
      <Filter>Source Files\Physics</Filter>
    </ClCompile>
    <ClCompile Include="Timer\Timer.cpp">
      <Filter>Source Files\Timer</Filter>
    </ClCompile>
    <ClCompile Include="Engine\Engine.cpp">
      <Filter>Source Files\Engine</Filter>
    </ClCompile>
    <ClCompile Include="Engine\EngineTest.cpp">
      <Filter>Source Files\Engine</Filter>
    </ClCompile>
    <ClCompile Include="Input\Input.cpp">
      <Filter>Source Files\Input</Filter>
    </ClCompile>
    <ClCompile Include="Debugger\Debugger.cpp">
      <Filter>Source Files\Debugger</Filter>
    </ClCompile>
    <ClCompile Include="DataType\Matrix.cpp">
      <Filter>Source Files\DataType</Filter>
    </ClCompile>
    <ClCompile Include="DataType\Vector.cpp">
      <Filter>Source Files\DataType</Filter>
    </ClCompile>
    <ClCompile Include="DataType\Util.cpp">
      <Filter>Source Files\DataType</Filter>
    </ClCompile>
  </ItemGroup>
  <ItemGroup>
    <ClInclude Include="DataType\DataType.h">
      <Filter>Source Files\DataType</Filter>
    </ClInclude>
    <ClInclude Include="Physics\Physics.h">
      <Filter>Source Files\Physics</Filter>
    </ClInclude>
    <ClInclude Include="Timer\Timer.h">
      <Filter>Source Files\Timer</Filter>
    </ClInclude>
    <ClInclude Include="Engine\Engine.h">
      <Filter>Source Files\Engine</Filter>
    </ClInclude>
    <ClInclude Include="Input\Input.h">
      <Filter>Source Files\Input</Filter>
    </ClInclude>
    <ClInclude Include="Engine\Dependency.h">
      <Filter>Source Files\Engine</Filter>
    </ClInclude>
    <ClInclude Include="Debugger\Debugger.h">
      <Filter>Source Files\Debugger</Filter>
    </ClInclude>
    <ClInclude Include="DataType\Matrix.h">
      <Filter>Source Files\DataType</Filter>
    </ClInclude>
    <ClInclude Include="DataType\Vector.h">
      <Filter>Source Files\DataType</Filter>
    </ClInclude>
    <ClInclude Include="DataType\Util.h">
      <Filter>Source Files\DataType</Filter>
    </ClInclude>
  </ItemGroup>
  <ItemGroup>
    <None Include="Physics\Physics.inl">
      <Filter>Source Files\Physics</Filter>
    </None>
    <None Include="Timer\Timer.inl">
      <Filter>Source Files\Timer</Filter>
    </None>
    <None Include="Input\Input.inl">
      <Filter>Source Files\Input</Filter>
    </None>
    <None Include="DataType\DataType.inl">
      <Filter>Source Files\DataType</Filter>
    </None>
    <None Include="DataType\Matrix.inl">
      <Filter>Source Files\DataType</Filter>
    </None>
    <None Include="DataType\Vector.inl">
      <Filter>Source Files\DataType</Filter>
    </None>
    <None Include="DataType\Util.inl">
      <Filter>Source Files\DataType</Filter>
    </None>
  </ItemGroup>
</Project>