<?xml version="1.0" encoding="utf-8"?>
<Project ToolsVersion="4.0" xmlns="http://schemas.microsoft.com/developer/msbuild/2003">
  <ItemGroup>
    <ClCompile Include="sRigidBodyState.cpp" />
    <ClCompile Include="cAABBCollider.cpp" />
    <ClCompile Include="cColliderBase.cpp" />
    <ClCompile Include="cSphereCollider.cpp" />
    <ClCompile Include="Physics.cpp" />
    <ClCompile Include="Collision.cpp" />
    <ClCompile Include="BVHTree.cpp" />
  </ItemGroup>
  <ItemGroup>
    <ClInclude Include="sRigidBodyState.h" />
    <ClInclude Include="cAABBCollider.h" />
    <ClInclude Include="cColliderBase.h" />
    <ClInclude Include="cSphereCollider.h" />
    <ClInclude Include="Physics.h" />
    <ClInclude Include="Collision.h" />
    <ClInclude Include="BVHTree.h" />
  </ItemGroup>
</Project>