<?xml version="1.0" encoding="utf-8"?>
<Project ToolsVersion="4.0" xmlns="http://schemas.microsoft.com/developer/msbuild/2003">
  <ItemGroup>
    <ClInclude Include="cEvent.h" />
    <ClInclude Include="cMutex.h" />
    <ClInclude Include="cMutex_recursive.h" />
    <ClInclude Include="Constants.h" />
    <ClInclude Include="cThread.h" />
    <ClInclude Include="Windows\ExternalLibraries.win.h">
      <Filter>Windows</Filter>
    </ClInclude>
  </ItemGroup>
  <ItemGroup>
    <ClCompile Include="cThread.cpp" />
    <ClCompile Include="Windows\cEvent.win.cpp">
      <Filter>Windows</Filter>
    </ClCompile>
    <ClCompile Include="Windows\cMutex.win.cpp">
      <Filter>Windows</Filter>
    </ClCompile>
    <ClCompile Include="Windows\cMutex_recursive.win.cpp">
      <Filter>Windows</Filter>
    </ClCompile>
    <ClCompile Include="Windows\cThread.win.cpp">
      <Filter>Windows</Filter>
    </ClCompile>
    <ClCompile Include="cEvent.cpp" />
  </ItemGroup>
  <ItemGroup>
    <Filter Include="Windows">
      <UniqueIdentifier>{b84de257-bae9-430c-9c7a-0c1fb8dc2917}</UniqueIdentifier>
    </Filter>
  </ItemGroup>
</Project>